
Microsoft Visual Studio Solution File, Format Version 12.00
# Visual Studio Version 17
VisualStudioVersion = 17.0.31903.59
MinimumVisualStudioVersion = 10.0.40219.1
Project("{2150E333-8FDC-42A3-9474-1A3956D46DE8}") = "src", "src", "{827E0CD3-B72D-47B6-A68D-7590B98EB39B}"
EndProject
Project("{FAE04EC0-301F-11D3-BF4B-00C04F79EFBC}") = "EFCore.NoLock", "src\EFCore.NoLock\EFCore.NoLock.csproj", "{9858DAFC-1614-4733-9BEF-39699BE07E5C}"
EndProject
Project("{2150E333-8FDC-42A3-9474-1A3956D46DE8}") = "tests", "tests", "{0AB3BF05-4346-4AA6-1389-037BE0695223}"
EndProject
Project("{FAE04EC0-301F-11D3-BF4B-00C04F79EFBC}") = "EFCore.NoLock.Tests", "tests\EFCore.NoLock.Tests\EFCore.NoLock.Tests.csproj", "{DD01F088-560E-4023-BB6D-6646F9034878}"
EndProject
Project("{FAE04EC0-301F-11D3-BF4B-00C04F79EFBC}") = "EFCore.NoLock.Core", "src\EFCore.NoLock.Core\EFCore.NoLock.Core.csproj", "{3506C946-BA33-44D4-84FB-4F21AA5D0C68}"
EndProject
Project("{FAE04EC0-301F-11D3-BF4B-00C04F79EFBC}") = "EFCore.NoLock.LinqToDb", "src\EFCore.NoLock.LinqToDb\EFCore.NoLock.LinqToDb.csproj", "{AD2D07FE-1C75-45AF-931F-8607921C9556}"
EndProject
Project("{FAE04EC0-301F-11D3-BF4B-00C04F79EFBC}") = "EFCore.NoLock.LinqToDb.Tests", "tests\EFCore.NoLock.LinqToDb.Tests\EFCore.NoLock.LinqToDb.Tests.csproj", "{B5908E65-F59A-4946-BD4F-03D8BE314655}"
EndProject
Global
	GlobalSection(SolutionConfigurationPlatforms) = preSolution
		Debug|Any CPU = Debug|Any CPU
		Debug|x64 = Debug|x64
		Debug|x86 = Debug|x86
		Release|Any CPU = Release|Any CPU
		Release|x64 = Release|x64
		Release|x86 = Release|x86
	EndGlobalSection
	GlobalSection(ProjectConfigurationPlatforms) = postSolution
		{9858DAFC-1614-4733-9BEF-39699BE07E5C}.Debug|Any CPU.ActiveCfg = Debug|Any CPU
		{9858DAFC-1614-4733-9BEF-39699BE07E5C}.Debug|Any CPU.Build.0 = Debug|Any CPU
		{9858DAFC-1614-4733-9BEF-39699BE07E5C}.Debug|x64.ActiveCfg = Debug|Any CPU
		{9858DAFC-1614-4733-9BEF-39699BE07E5C}.Debug|x64.Build.0 = Debug|Any CPU
		{9858DAFC-1614-4733-9BEF-39699BE07E5C}.Debug|x86.ActiveCfg = Debug|Any CPU
		{9858DAFC-1614-4733-9BEF-39699BE07E5C}.Debug|x86.Build.0 = Debug|Any CPU
		{9858DAFC-1614-4733-9BEF-39699BE07E5C}.Release|Any CPU.ActiveCfg = Release|Any CPU
		{9858DAFC-1614-4733-9BEF-39699BE07E5C}.Release|Any CPU.Build.0 = Release|Any CPU
		{9858DAFC-1614-4733-9BEF-39699BE07E5C}.Release|x64.ActiveCfg = Release|Any CPU
		{9858DAFC-1614-4733-9BEF-39699BE07E5C}.Release|x64.Build.0 = Release|Any CPU
		{9858DAFC-1614-4733-9BEF-39699BE07E5C}.Release|x86.ActiveCfg = Release|Any CPU
		{9858DAFC-1614-4733-9BEF-39699BE07E5C}.Release|x86.Build.0 = Release|Any CPU
		{DD01F088-560E-4023-BB6D-6646F9034878}.Debug|Any CPU.ActiveCfg = Debug|Any CPU
		{DD01F088-560E-4023-BB6D-6646F9034878}.Debug|Any CPU.Build.0 = Debug|Any CPU
		{DD01F088-560E-4023-BB6D-6646F9034878}.Debug|x64.ActiveCfg = Debug|Any CPU
		{DD01F088-560E-4023-BB6D-6646F9034878}.Debug|x64.Build.0 = Debug|Any CPU
		{DD01F088-560E-4023-BB6D-6646F9034878}.Debug|x86.ActiveCfg = Debug|Any CPU
		{DD01F088-560E-4023-BB6D-6646F9034878}.Debug|x86.Build.0 = Debug|Any CPU
		{DD01F088-560E-4023-BB6D-6646F9034878}.Release|Any CPU.ActiveCfg = Release|Any CPU
		{DD01F088-560E-4023-BB6D-6646F9034878}.Release|Any CPU.Build.0 = Release|Any CPU
		{DD01F088-560E-4023-BB6D-6646F9034878}.Release|x64.ActiveCfg = Release|Any CPU
		{DD01F088-560E-4023-BB6D-6646F9034878}.Release|x64.Build.0 = Release|Any CPU
		{DD01F088-560E-4023-BB6D-6646F9034878}.Release|x86.ActiveCfg = Release|Any CPU
		{DD01F088-560E-4023-BB6D-6646F9034878}.Release|x86.Build.0 = Release|Any CPU
		{3506C946-BA33-44D4-84FB-4F21AA5D0C68}.Debug|Any CPU.ActiveCfg = Debug|Any CPU
		{3506C946-BA33-44D4-84FB-4F21AA5D0C68}.Debug|Any CPU.Build.0 = Debug|Any CPU
		{3506C946-BA33-44D4-84FB-4F21AA5D0C68}.Debug|x64.ActiveCfg = Debug|Any CPU
		{3506C946-BA33-44D4-84FB-4F21AA5D0C68}.Debug|x64.Build.0 = Debug|Any CPU
		{3506C946-BA33-44D4-84FB-4F21AA5D0C68}.Debug|x86.ActiveCfg = Debug|Any CPU
		{3506C946-BA33-44D4-84FB-4F21AA5D0C68}.Debug|x86.Build.0 = Debug|Any CPU
		{3506C946-BA33-44D4-84FB-4F21AA5D0C68}.Release|Any CPU.ActiveCfg = Release|Any CPU
		{3506C946-BA33-44D4-84FB-4F21AA5D0C68}.Release|Any CPU.Build.0 = Release|Any CPU
		{3506C946-BA33-44D4-84FB-4F21AA5D0C68}.Release|x64.ActiveCfg = Release|Any CPU
		{3506C946-BA33-44D4-84FB-4F21AA5D0C68}.Release|x64.Build.0 = Release|Any CPU
		{3506C946-BA33-44D4-84FB-4F21AA5D0C68}.Release|x86.ActiveCfg = Release|Any CPU
		{3506C946-BA33-44D4-84FB-4F21AA5D0C68}.Release|x86.Build.0 = Release|Any CPU
		{AD2D07FE-1C75-45AF-931F-8607921C9556}.Debug|Any CPU.ActiveCfg = Debug|Any CPU
		{AD2D07FE-1C75-45AF-931F-8607921C9556}.Debug|Any CPU.Build.0 = Debug|Any CPU
		{AD2D07FE-1C75-45AF-931F-8607921C9556}.Debug|x64.ActiveCfg = Debug|Any CPU
		{AD2D07FE-1C75-45AF-931F-8607921C9556}.Debug|x64.Build.0 = Debug|Any CPU
		{AD2D07FE-1C75-45AF-931F-8607921C9556}.Debug|x86.ActiveCfg = Debug|Any CPU
		{AD2D07FE-1C75-45AF-931F-8607921C9556}.Debug|x86.Build.0 = Debug|Any CPU
		{AD2D07FE-1C75-45AF-931F-8607921C9556}.Release|Any CPU.ActiveCfg = Release|Any CPU
		{AD2D07FE-1C75-45AF-931F-8607921C9556}.Release|Any CPU.Build.0 = Release|Any CPU
		{AD2D07FE-1C75-45AF-931F-8607921C9556}.Release|x64.ActiveCfg = Release|Any CPU
		{AD2D07FE-1C75-45AF-931F-8607921C9556}.Release|x64.Build.0 = Release|Any CPU
		{AD2D07FE-1C75-45AF-931F-8607921C9556}.Release|x86.ActiveCfg = Release|Any CPU
		{AD2D07FE-1C75-45AF-931F-8607921C9556}.Release|x86.Build.0 = Release|Any CPU
		{B5908E65-F59A-4946-BD4F-03D8BE314655}.Debug|Any CPU.ActiveCfg = Debug|Any CPU
		{B5908E65-F59A-4946-BD4F-03D8BE314655}.Debug|Any CPU.Build.0 = Debug|Any CPU
		{B5908E65-F59A-4946-BD4F-03D8BE314655}.Debug|x64.ActiveCfg = Debug|Any CPU
		{B5908E65-F59A-4946-BD4F-03D8BE314655}.Debug|x64.Build.0 = Debug|Any CPU
		{B5908E65-F59A-4946-BD4F-03D8BE314655}.Debug|x86.ActiveCfg = Debug|Any CPU
		{B5908E65-F59A-4946-BD4F-03D8BE314655}.Debug|x86.Build.0 = Debug|Any CPU
		{B5908E65-F59A-4946-BD4F-03D8BE314655}.Release|Any CPU.ActiveCfg = Release|Any CPU
		{B5908E65-F59A-4946-BD4F-03D8BE314655}.Release|Any CPU.Build.0 = Release|Any CPU
		{B5908E65-F59A-4946-BD4F-03D8BE314655}.Release|x64.ActiveCfg = Release|Any CPU
		{B5908E65-F59A-4946-BD4F-03D8BE314655}.Release|x64.Build.0 = Release|Any CPU
		{B5908E65-F59A-4946-BD4F-03D8BE314655}.Release|x86.ActiveCfg = Release|Any CPU
		{B5908E65-F59A-4946-BD4F-03D8BE314655}.Release|x86.Build.0 = Release|Any CPU
	EndGlobalSection
	GlobalSection(SolutionProperties) = preSolution
		HideSolutionNode = FALSE
	EndGlobalSection
	GlobalSection(NestedProjects) = preSolution
		{9858DAFC-1614-4733-9BEF-39699BE07E5C} = {827E0CD3-B72D-47B6-A68D-7590B98EB39B}
		{DD01F088-560E-4023-BB6D-6646F9034878} = {0AB3BF05-4346-4AA6-1389-037BE0695223}
		{3506C946-BA33-44D4-84FB-4F21AA5D0C68} = {827E0CD3-B72D-47B6-A68D-7590B98EB39B}
		{AD2D07FE-1C75-45AF-931F-8607921C9556} = {827E0CD3-B72D-47B6-A68D-7590B98EB39B}
		{B5908E65-F59A-4946-BD4F-03D8BE314655} = {0AB3BF05-4346-4AA6-1389-037BE0695223}
	EndGlobalSection
EndGlobal
